{
  "requires": true,
  "lockfileVersion": 1,
  "dependencies": {
    "eslint-config-prettier": {
      "version": "7.2.0",
      "resolved": "https://registry.npmjs.org/eslint-config-prettier/-/eslint-config-prettier-7.2.0.tgz",
      "integrity": "sha512-rV4Qu0C3nfJKPOAhFujFxB7RMP+URFyQqqOZW9DMRD7ZDTFyjaIlETU3xzHELt++4ugC0+Jm084HQYkkJe+Ivg=="
    }
  }
}
